Microsoft Visual Studio Solution File, Format Version 12.00
# Visual Studio 2012
Project("{FAE04EC0-301F-11D3-BF4B-00C04F79EFBC}") = "DesIlusao", "DesIlusao.csproj", "{AB583C1F-45EF-45F3-BAB5-C010A7A43D30}"
EndProject
Global
	GlobalSection(SolutionConfigurationPlatforms) = preSolution
	Debug|Any CPU = Debug|Any CPU
	ExportDebug|Any CPU = ExportDebug|Any CPU
	ExportRelease|Any CPU = ExportRelease|Any CPU
	EndGlobalSection
	GlobalSection(ProjectConfigurationPlatforms) = postSolution
		{AB583C1F-45EF-45F3-BAB5-C010A7A43D30}.Debug|Any CPU.ActiveCfg = Debug|Any CPU
		{AB583C1F-45EF-45F3-BAB5-C010A7A43D30}.Debug|Any CPU.Build.0 = Debug|Any CPU
		{AB583C1F-45EF-45F3-BAB5-C010A7A43D30}.ExportDebug|Any CPU.ActiveCfg = ExportDebug|Any CPU
		{AB583C1F-45EF-45F3-BAB5-C010A7A43D30}.ExportDebug|Any CPU.Build.0 = ExportDebug|Any CPU
		{AB583C1F-45EF-45F3-BAB5-C010A7A43D30}.ExportRelease|Any CPU.ActiveCfg = ExportRelease|Any CPU
		{AB583C1F-45EF-45F3-BAB5-C010A7A43D30}.ExportRelease|Any CPU.Build.0 = ExportRelease|Any CPU
	EndGlobalSection
EndGlobal
